{
  "requires": true,
  "lockfileVersion": 1,
  "dependencies": {
    "ckeditor": {
      "version": "4.11.4",
      "resolved": "https://registry.npmjs.org/ckeditor/-/ckeditor-4.11.4.tgz",
      "integrity": "sha512-h1EymdwFDdQuDO1vEisUagZ/WYiDnvvvtftYmbmqbbUf9vk21ovXb7mXnQimvTYJfRQBgJCoqfjFDfcQIfw9ig=="
    }
  }
}
